<Solution>
  <Project Path="CoAttribution.Cli/CoAttribution.Cli.csproj" />
  <Project Path="CoAttribution.Lib/CoAttribution.Lib.csproj" />
  <Folder Name="/Tests/">
    <Project Path="../tests/CoAttribution.Cli.Tests/CoAttribution.Cli.Tests.csproj" />
    <Project Path="..\tests\CoAttribution.Lib.Tests\CoAttribution.Lib.Tests.csproj" />
  </Folder>
</Solution>
